
Microsoft Visual Studio Solution File, Format Version 12.00
# Visual Studio Version 17
VisualStudioVersion = 17.8.34330.188
MinimumVisualStudioVersion = 10.0.40219.1
Project("{FAE04EC0-301F-11D3-BF4B-00C04F79EFBC}") = "Graphswin", "Graphswin\Graphswin.csproj", "{D1E8B786-309F-46E7-9D20-6B31E967C9EE}"
EndProject
Global
	GlobalSection(SolutionConfigurationPlatforms) = preSolution
		Debug|Any CPU = Debug|Any CPU
		Release|Any CPU = Release|Any CPU
	EndGlobalSection
	GlobalSection(ProjectConfigurationPlatforms) = postSolution
		{D1E8B786-309F-46E7-9D20-6B31E967C9EE}.Debug|Any CPU.ActiveCfg = Debug|Any CPU
		{D1E8B786-309F-46E7-9D20-6B31E967C9EE}.Debug|Any CPU.Build.0 = Debug|Any CPU
		{D1E8B786-309F-46E7-9D20-6B31E967C9EE}.Release|Any CPU.ActiveCfg = Release|Any CPU
		{D1E8B786-309F-46E7-9D20-6B31E967C9EE}.Release|Any CPU.Build.0 = Release|Any CPU
	EndGlobalSection
	GlobalSection(SolutionProperties) = preSolution
		HideSolutionNode = FALSE
	EndGlobalSection
	GlobalSection(ExtensibilityGlobals) = postSolution
		SolutionGuid = {0234D03F-308F-48B4-B5E9-ECBC1A690472}
	EndGlobalSection
EndGlobal
